
Microsoft Visual Studio Solution File, Format Version 12.00
# Visual Studio 15
VisualStudioVersion = 15.0.27703.2035
MinimumVisualStudioVersion = 10.0.40219.1
Project("{2150E333-8FDC-42A3-9474-1A3956D46DE8}") = "C - AdminAuthenticationService", "C - AdminAuthenticationService", "{7E569D2B-524A-4983-9771-CC111CF6FB41}"
EndProject
Project("{2150E333-8FDC-42A3-9474-1A3956D46DE8}") = "D - EmailService", "D - EmailService", "{B66E5954-C4E0-4F3E-9472-BCB35FC3188A}"
EndProject
Project("{2150E333-8FDC-42A3-9474-1A3956D46DE8}") = "B - EvaluationService", "B - EvaluationService", "{15296310-DFFC-46D2-BDE9-B56923D931F2}"
EndProject
Project("{2150E333-8FDC-42A3-9474-1A3956D46DE8}") = "A - Presentation", "A - Presentation", "{8E33B089-9389-4930-992B-9E47215AE277}"
EndProject
Project("{2150E333-8FDC-42A3-9474-1A3956D46DE8}") = "AdminUi", "AdminUi", "{D3948594-B7A6-43F4-A12C-CE22B6FAEE6B}"
EndProject
Project("{2150E333-8FDC-42A3-9474-1A3956D46DE8}") = "RespondentUi", "RespondentUi", "{BCE01D1C-7577-4FA7-816C-900B208C2E9C}"
EndProject
Project("{9A19103F-16F7-4668-BE54-9A1E7A4F7556}") = "AdminAuthentication.Domain", "src\AdminAuthentication.Domain\AdminAuthentication.Domain.csproj", "{D7DEEA9D-EA42-4509-AD0A-3A8C8CB89CA4}"
EndProject
Project("{9A19103F-16F7-4668-BE54-9A1E7A4F7556}") = "AdminAuthentication.Infrastructure", "src\AdminAuthentication.Infrastructure\AdminAuthentication.Infrastructure.csproj", "{F771BD33-6F50-4A11-9041-00D831DF99DA}"
EndProject
Project("{FAE04EC0-301F-11D3-BF4B-00C04F79EFBC}") = "AdminAuthentication.Wcf", "src\AdminAuthentication.Wcf\AdminAuthentication.Wcf.csproj", "{94676D4E-1FA4-42BD-91CF-6EF5352A0DB0}"
EndProject
Project("{FAE04EC0-301F-11D3-BF4B-00C04F79EFBC}") = "Email.Wcf", "src\Email.Wcf\Email.Wcf.csproj", "{C23FA98F-A032-4C20-8CCE-90E0AF645C1F}"
EndProject
Project("{2150E333-8FDC-42A3-9474-1A3956D46DE8}") = "1 - Service", "1 - Service", "{0BF3F150-A131-4811-9C67-3D0892E6CA9A}"
EndProject
Project("{2150E333-8FDC-42A3-9474-1A3956D46DE8}") = "2 - Application", "2 - Application", "{B8ECED59-377A-4A03-968C-BCFCEE4EAC1D}"
EndProject
Project("{2150E333-8FDC-42A3-9474-1A3956D46DE8}") = "3 - Domain", "3 - Domain", "{786111F4-895F-4C89-8761-67DAD306A576}"
EndProject
Project("{2150E333-8FDC-42A3-9474-1A3956D46DE8}") = "4 - Infrastructure", "4 - Infrastructure", "{453932D6-72B7-4D3C-8F2C-5DEBAE050214}"
EndProject
Project("{2150E333-8FDC-42A3-9474-1A3956D46DE8}") = "4.1 - Data", "4.1 - Data", "{D2CD474F-CA17-4690-8B8C-301C45F72630}"
EndProject
Project("{2150E333-8FDC-42A3-9474-1A3956D46DE8}") = "4.2 - CrossCutting", "4.2 - CrossCutting", "{8C33F300-AE11-4C09-B59C-619689153259}"
EndProject
Project("{2150E333-8FDC-42A3-9474-1A3956D46DE8}") = "3.1 - Model", "3.1 - Model", "{F099A7FF-770F-49AF-B46F-0C11D8C828F8}"
EndProject
Project("{2150E333-8FDC-42A3-9474-1A3956D46DE8}") = "3.2 - Service", "3.2 - Service", "{ED310FA8-6FEB-4CC6-810B-EC151BA1CF8C}"
EndProject
Project("{9A19103F-16F7-4668-BE54-9A1E7A4F7556}") = "Email.Domain", "src\Email.Domain\Email.Domain.csproj", "{F6144192-37D4-448D-8BA9-EABBBA6F2F6A}"
EndProject
Project("{9A19103F-16F7-4668-BE54-9A1E7A4F7556}") = "Email.Infrastructure", "src\Email.Infrastructure\Email.Infrastructure.csproj", "{6BB88607-3A27-43B9-976D-9507D286365C}"
EndProject
Project("{9A19103F-16F7-4668-BE54-9A1E7A4F7556}") = "Evaluation.Application", "src\Evaluation.Application\Evaluation.Application.csproj", "{449CC918-D592-4776-9026-EC8FA2052B0F}"
EndProject
Project("{9A19103F-16F7-4668-BE54-9A1E7A4F7556}") = "Evaluation.Domain.Model", "src\Evaluation.Domain.Model\Evaluation.Domain.Model.csproj", "{16D68976-EBA3-444E-9505-0B410F6D6668}"
EndProject
Project("{9A19103F-16F7-4668-BE54-9A1E7A4F7556}") = "Evaluation.Domain.Service", "src\Evaluation.Domain.Service\Evaluation.Domain.Service.csproj", "{D1DEB964-D422-40B2-BBB2-86770B39F923}"
EndProject
Project("{9A19103F-16F7-4668-BE54-9A1E7A4F7556}") = "Evaluation.Infrastructure.Data", "src\Evaluation.Infrastructure.Data\Evaluation.Infrastructure.Data.csproj", "{54E3C421-6F7F-4E00-B86A-95CA6B0034DB}"
EndProject
Project("{9A19103F-16F7-4668-BE54-9A1E7A4F7556}") = "Evaluation.Infrastructure.CrossCutting", "src\Evaluation.Infrastructure.CrossCutting\Evaluation.Infrastructure.CrossCutting.csproj", "{4D97464C-B98D-4E7F-A669-7BD5C41E1BA7}"
EndProject
Project("{9A19103F-16F7-4668-BE54-9A1E7A4F7556}") = "Evaluation.RespondentUi", "src\Evaluation.RespondentUi\Evaluation.RespondentUi.csproj", "{E89D0309-F353-497C-8844-7B2BB0F9FAF0}"
EndProject
Project("{9A19103F-16F7-4668-BE54-9A1E7A4F7556}") = "Evaluation.AdminUi", "src\Evaluation.AdminUi\Evaluation.AdminUi.csproj", "{537D9EAE-AF50-4548-BD2A-7B62E9F6D016}"
EndProject
Project("{FAE04EC0-301F-11D3-BF4B-00C04F79EFBC}") = "Evaluation.Email.Wcf", "src\Evaluation.Email.Wcf\Evaluation.Email.Wcf.csproj", "{9BF484C4-7760-4617-B15C-3C2A0BDC4DDC}"
	ProjectSection(ProjectDependencies) = postProject
		{C23FA98F-A032-4C20-8CCE-90E0AF645C1F} = {C23FA98F-A032-4C20-8CCE-90E0AF645C1F}
	EndProjectSection
EndProject
Project("{2150E333-8FDC-42A3-9474-1A3956D46DE8}") = "1 - Service", "1 - Service", "{99485313-806A-49DA-B2FD-5F85CD3D0F81}"
EndProject
Project("{2150E333-8FDC-42A3-9474-1A3956D46DE8}") = "2 - Domain", "2 - Domain", "{8FECF857-1F49-4E0A-967E-5639051D4541}"
EndProject
Project("{2150E333-8FDC-42A3-9474-1A3956D46DE8}") = "3 - Infrastructure", "3 - Infrastructure", "{C22EEE8E-4FE0-4DCE-B7AC-068C21C5BC66}"
EndProject
Project("{2150E333-8FDC-42A3-9474-1A3956D46DE8}") = "1 - Service", "1 - Service", "{292E95E1-F6A7-47CF-A708-3096678E4C7F}"
EndProject
Project("{2150E333-8FDC-42A3-9474-1A3956D46DE8}") = "2 - Domain", "2 - Domain", "{2EE54BBD-749D-4A61-92D3-27AD2E32F71E}"
EndProject
Project("{2150E333-8FDC-42A3-9474-1A3956D46DE8}") = "3 - Infrastructure", "3 - Infrastructure", "{67B2CBCF-4913-4053-92D3-0A699CE4C025}"
EndProject
Project("{FAE04EC0-301F-11D3-BF4B-00C04F79EFBC}") = "Evaluation.AdminUi.Wcf", "src\Evaluation.AdminUi.Wcf\Evaluation.AdminUi.Wcf.csproj", "{DCB109AB-2525-45D5-BB35-DD017039B9C9}"
EndProject
Project("{FAE04EC0-301F-11D3-BF4B-00C04F79EFBC}") = "Evaluation.RespondentUi.Wcf", "src\Evaluation.RespondentUi.Wcf\Evaluation.RespondentUi.Wcf.csproj", "{52B9FBCB-551D-4C93-BB56-9B1DCC8386B4}"
EndProject
Project("{9A19103F-16F7-4668-BE54-9A1E7A4F7556}") = "Evaluation.AdminUi.WcfConnector", "src\Evaluation.AdminUi.WcfConnector\Evaluation.AdminUi.WcfConnector.csproj", "{D7786306-DF1C-4DC6-87AD-1E15354D600A}"
EndProject
Project("{9A19103F-16F7-4668-BE54-9A1E7A4F7556}") = "Evaluation.RespondentUi.WcfConnector", "src\Evaluation.RespondentUi.WcfConnector\Evaluation.RespondentUi.WcfConnector.csproj", "{76992F2D-1129-4CC5-852C-5BF271D7033D}"
EndProject
Global
	GlobalSection(SolutionConfigurationPlatforms) = preSolution
		Debug|Any CPU = Debug|Any CPU
		Release|Any CPU = Release|Any CPU
	EndGlobalSection
	GlobalSection(ProjectConfigurationPlatforms) = postSolution
		{D7DEEA9D-EA42-4509-AD0A-3A8C8CB89CA4}.Debug|Any CPU.ActiveCfg = Debug|Any CPU
		{D7DEEA9D-EA42-4509-AD0A-3A8C8CB89CA4}.Debug|Any CPU.Build.0 = Debug|Any CPU
		{D7DEEA9D-EA42-4509-AD0A-3A8C8CB89CA4}.Release|Any CPU.ActiveCfg = Release|Any CPU
		{D7DEEA9D-EA42-4509-AD0A-3A8C8CB89CA4}.Release|Any CPU.Build.0 = Release|Any CPU
		{F771BD33-6F50-4A11-9041-00D831DF99DA}.Debug|Any CPU.ActiveCfg = Debug|Any CPU
		{F771BD33-6F50-4A11-9041-00D831DF99DA}.Debug|Any CPU.Build.0 = Debug|Any CPU
		{F771BD33-6F50-4A11-9041-00D831DF99DA}.Release|Any CPU.ActiveCfg = Release|Any CPU
		{F771BD33-6F50-4A11-9041-00D831DF99DA}.Release|Any CPU.Build.0 = Release|Any CPU
		{94676D4E-1FA4-42BD-91CF-6EF5352A0DB0}.Debug|Any CPU.ActiveCfg = Debug|Any CPU
		{94676D4E-1FA4-42BD-91CF-6EF5352A0DB0}.Debug|Any CPU.Build.0 = Debug|Any CPU
		{94676D4E-1FA4-42BD-91CF-6EF5352A0DB0}.Release|Any CPU.ActiveCfg = Release|Any CPU
		{94676D4E-1FA4-42BD-91CF-6EF5352A0DB0}.Release|Any CPU.Build.0 = Release|Any CPU
		{C23FA98F-A032-4C20-8CCE-90E0AF645C1F}.Debug|Any CPU.ActiveCfg = Debug|Any CPU
		{C23FA98F-A032-4C20-8CCE-90E0AF645C1F}.Debug|Any CPU.Build.0 = Debug|Any CPU
		{C23FA98F-A032-4C20-8CCE-90E0AF645C1F}.Release|Any CPU.ActiveCfg = Release|Any CPU
		{C23FA98F-A032-4C20-8CCE-90E0AF645C1F}.Release|Any CPU.Build.0 = Release|Any CPU
		{F6144192-37D4-448D-8BA9-EABBBA6F2F6A}.Debug|Any CPU.ActiveCfg = Debug|Any CPU
		{F6144192-37D4-448D-8BA9-EABBBA6F2F6A}.Debug|Any CPU.Build.0 = Debug|Any CPU
		{F6144192-37D4-448D-8BA9-EABBBA6F2F6A}.Release|Any CPU.ActiveCfg = Release|Any CPU
		{F6144192-37D4-448D-8BA9-EABBBA6F2F6A}.Release|Any CPU.Build.0 = Release|Any CPU
		{6BB88607-3A27-43B9-976D-9507D286365C}.Debug|Any CPU.ActiveCfg = Debug|Any CPU
		{6BB88607-3A27-43B9-976D-9507D286365C}.Debug|Any CPU.Build.0 = Debug|Any CPU
		{6BB88607-3A27-43B9-976D-9507D286365C}.Release|Any CPU.ActiveCfg = Release|Any CPU
		{6BB88607-3A27-43B9-976D-9507D286365C}.Release|Any CPU.Build.0 = Release|Any CPU
		{449CC918-D592-4776-9026-EC8FA2052B0F}.Debug|Any CPU.ActiveCfg = Debug|Any CPU
		{449CC918-D592-4776-9026-EC8FA2052B0F}.Debug|Any CPU.Build.0 = Debug|Any CPU
		{449CC918-D592-4776-9026-EC8FA2052B0F}.Release|Any CPU.ActiveCfg = Release|Any CPU
		{449CC918-D592-4776-9026-EC8FA2052B0F}.Release|Any CPU.Build.0 = Release|Any CPU
		{16D68976-EBA3-444E-9505-0B410F6D6668}.Debug|Any CPU.ActiveCfg = Debug|Any CPU
		{16D68976-EBA3-444E-9505-0B410F6D6668}.Debug|Any CPU.Build.0 = Debug|Any CPU
		{16D68976-EBA3-444E-9505-0B410F6D6668}.Release|Any CPU.ActiveCfg = Release|Any CPU
		{16D68976-EBA3-444E-9505-0B410F6D6668}.Release|Any CPU.Build.0 = Release|Any CPU
		{D1DEB964-D422-40B2-BBB2-86770B39F923}.Debug|Any CPU.ActiveCfg = Debug|Any CPU
		{D1DEB964-D422-40B2-BBB2-86770B39F923}.Debug|Any CPU.Build.0 = Debug|Any CPU
		{D1DEB964-D422-40B2-BBB2-86770B39F923}.Release|Any CPU.ActiveCfg = Release|Any CPU
		{D1DEB964-D422-40B2-BBB2-86770B39F923}.Release|Any CPU.Build.0 = Release|Any CPU
		{54E3C421-6F7F-4E00-B86A-95CA6B0034DB}.Debug|Any CPU.ActiveCfg = Debug|Any CPU
		{54E3C421-6F7F-4E00-B86A-95CA6B0034DB}.Debug|Any CPU.Build.0 = Debug|Any CPU
		{54E3C421-6F7F-4E00-B86A-95CA6B0034DB}.Release|Any CPU.ActiveCfg = Release|Any CPU
		{54E3C421-6F7F-4E00-B86A-95CA6B0034DB}.Release|Any CPU.Build.0 = Release|Any CPU
		{4D97464C-B98D-4E7F-A669-7BD5C41E1BA7}.Debug|Any CPU.ActiveCfg = Debug|Any CPU
		{4D97464C-B98D-4E7F-A669-7BD5C41E1BA7}.Debug|Any CPU.Build.0 = Debug|Any CPU
		{4D97464C-B98D-4E7F-A669-7BD5C41E1BA7}.Release|Any CPU.ActiveCfg = Release|Any CPU
		{4D97464C-B98D-4E7F-A669-7BD5C41E1BA7}.Release|Any CPU.Build.0 = Release|Any CPU
		{E89D0309-F353-497C-8844-7B2BB0F9FAF0}.Debug|Any CPU.ActiveCfg = Debug|Any CPU
		{E89D0309-F353-497C-8844-7B2BB0F9FAF0}.Debug|Any CPU.Build.0 = Debug|Any CPU
		{E89D0309-F353-497C-8844-7B2BB0F9FAF0}.Release|Any CPU.ActiveCfg = Release|Any CPU
		{E89D0309-F353-497C-8844-7B2BB0F9FAF0}.Release|Any CPU.Build.0 = Release|Any CPU
		{537D9EAE-AF50-4548-BD2A-7B62E9F6D016}.Debug|Any CPU.ActiveCfg = Debug|Any CPU
		{537D9EAE-AF50-4548-BD2A-7B62E9F6D016}.Debug|Any CPU.Build.0 = Debug|Any CPU
		{537D9EAE-AF50-4548-BD2A-7B62E9F6D016}.Release|Any CPU.ActiveCfg = Release|Any CPU
		{537D9EAE-AF50-4548-BD2A-7B62E9F6D016}.Release|Any CPU.Build.0 = Release|Any CPU
		{9BF484C4-7760-4617-B15C-3C2A0BDC4DDC}.Debug|Any CPU.ActiveCfg = Debug|Any CPU
		{9BF484C4-7760-4617-B15C-3C2A0BDC4DDC}.Debug|Any CPU.Build.0 = Debug|Any CPU
		{9BF484C4-7760-4617-B15C-3C2A0BDC4DDC}.Release|Any CPU.ActiveCfg = Release|Any CPU
		{9BF484C4-7760-4617-B15C-3C2A0BDC4DDC}.Release|Any CPU.Build.0 = Release|Any CPU
		{DCB109AB-2525-45D5-BB35-DD017039B9C9}.Debug|Any CPU.ActiveCfg = Debug|Any CPU
		{DCB109AB-2525-45D5-BB35-DD017039B9C9}.Debug|Any CPU.Build.0 = Debug|Any CPU
		{DCB109AB-2525-45D5-BB35-DD017039B9C9}.Release|Any CPU.ActiveCfg = Release|Any CPU
		{DCB109AB-2525-45D5-BB35-DD017039B9C9}.Release|Any CPU.Build.0 = Release|Any CPU
		{52B9FBCB-551D-4C93-BB56-9B1DCC8386B4}.Debug|Any CPU.ActiveCfg = Debug|Any CPU
		{52B9FBCB-551D-4C93-BB56-9B1DCC8386B4}.Debug|Any CPU.Build.0 = Debug|Any CPU
		{52B9FBCB-551D-4C93-BB56-9B1DCC8386B4}.Release|Any CPU.ActiveCfg = Release|Any CPU
		{52B9FBCB-551D-4C93-BB56-9B1DCC8386B4}.Release|Any CPU.Build.0 = Release|Any CPU
		{D7786306-DF1C-4DC6-87AD-1E15354D600A}.Debug|Any CPU.ActiveCfg = Debug|Any CPU
		{D7786306-DF1C-4DC6-87AD-1E15354D600A}.Debug|Any CPU.Build.0 = Debug|Any CPU
		{D7786306-DF1C-4DC6-87AD-1E15354D600A}.Release|Any CPU.ActiveCfg = Release|Any CPU
		{D7786306-DF1C-4DC6-87AD-1E15354D600A}.Release|Any CPU.Build.0 = Release|Any CPU
		{76992F2D-1129-4CC5-852C-5BF271D7033D}.Debug|Any CPU.ActiveCfg = Debug|Any CPU
		{76992F2D-1129-4CC5-852C-5BF271D7033D}.Debug|Any CPU.Build.0 = Debug|Any CPU
		{76992F2D-1129-4CC5-852C-5BF271D7033D}.Release|Any CPU.ActiveCfg = Release|Any CPU
		{76992F2D-1129-4CC5-852C-5BF271D7033D}.Release|Any CPU.Build.0 = Release|Any CPU
	EndGlobalSection
	GlobalSection(SolutionProperties) = preSolution
		HideSolutionNode = FALSE
	EndGlobalSection
	GlobalSection(NestedProjects) = preSolution
		{D3948594-B7A6-43F4-A12C-CE22B6FAEE6B} = {8E33B089-9389-4930-992B-9E47215AE277}
		{BCE01D1C-7577-4FA7-816C-900B208C2E9C} = {8E33B089-9389-4930-992B-9E47215AE277}
		{D7DEEA9D-EA42-4509-AD0A-3A8C8CB89CA4} = {8FECF857-1F49-4E0A-967E-5639051D4541}
		{F771BD33-6F50-4A11-9041-00D831DF99DA} = {C22EEE8E-4FE0-4DCE-B7AC-068C21C5BC66}
		{94676D4E-1FA4-42BD-91CF-6EF5352A0DB0} = {99485313-806A-49DA-B2FD-5F85CD3D0F81}
		{C23FA98F-A032-4C20-8CCE-90E0AF645C1F} = {292E95E1-F6A7-47CF-A708-3096678E4C7F}
		{0BF3F150-A131-4811-9C67-3D0892E6CA9A} = {15296310-DFFC-46D2-BDE9-B56923D931F2}
		{B8ECED59-377A-4A03-968C-BCFCEE4EAC1D} = {15296310-DFFC-46D2-BDE9-B56923D931F2}
		{786111F4-895F-4C89-8761-67DAD306A576} = {15296310-DFFC-46D2-BDE9-B56923D931F2}
		{453932D6-72B7-4D3C-8F2C-5DEBAE050214} = {15296310-DFFC-46D2-BDE9-B56923D931F2}
		{D2CD474F-CA17-4690-8B8C-301C45F72630} = {453932D6-72B7-4D3C-8F2C-5DEBAE050214}
		{8C33F300-AE11-4C09-B59C-619689153259} = {453932D6-72B7-4D3C-8F2C-5DEBAE050214}
		{F099A7FF-770F-49AF-B46F-0C11D8C828F8} = {786111F4-895F-4C89-8761-67DAD306A576}
		{ED310FA8-6FEB-4CC6-810B-EC151BA1CF8C} = {786111F4-895F-4C89-8761-67DAD306A576}
		{F6144192-37D4-448D-8BA9-EABBBA6F2F6A} = {2EE54BBD-749D-4A61-92D3-27AD2E32F71E}
		{6BB88607-3A27-43B9-976D-9507D286365C} = {67B2CBCF-4913-4053-92D3-0A699CE4C025}
		{449CC918-D592-4776-9026-EC8FA2052B0F} = {B8ECED59-377A-4A03-968C-BCFCEE4EAC1D}
		{16D68976-EBA3-444E-9505-0B410F6D6668} = {F099A7FF-770F-49AF-B46F-0C11D8C828F8}
		{D1DEB964-D422-40B2-BBB2-86770B39F923} = {ED310FA8-6FEB-4CC6-810B-EC151BA1CF8C}
		{54E3C421-6F7F-4E00-B86A-95CA6B0034DB} = {D2CD474F-CA17-4690-8B8C-301C45F72630}
		{4D97464C-B98D-4E7F-A669-7BD5C41E1BA7} = {8C33F300-AE11-4C09-B59C-619689153259}
		{E89D0309-F353-497C-8844-7B2BB0F9FAF0} = {BCE01D1C-7577-4FA7-816C-900B208C2E9C}
		{537D9EAE-AF50-4548-BD2A-7B62E9F6D016} = {D3948594-B7A6-43F4-A12C-CE22B6FAEE6B}
		{9BF484C4-7760-4617-B15C-3C2A0BDC4DDC} = {0BF3F150-A131-4811-9C67-3D0892E6CA9A}
		{99485313-806A-49DA-B2FD-5F85CD3D0F81} = {7E569D2B-524A-4983-9771-CC111CF6FB41}
		{8FECF857-1F49-4E0A-967E-5639051D4541} = {7E569D2B-524A-4983-9771-CC111CF6FB41}
		{C22EEE8E-4FE0-4DCE-B7AC-068C21C5BC66} = {7E569D2B-524A-4983-9771-CC111CF6FB41}
		{292E95E1-F6A7-47CF-A708-3096678E4C7F} = {B66E5954-C4E0-4F3E-9472-BCB35FC3188A}
		{2EE54BBD-749D-4A61-92D3-27AD2E32F71E} = {B66E5954-C4E0-4F3E-9472-BCB35FC3188A}
		{67B2CBCF-4913-4053-92D3-0A699CE4C025} = {B66E5954-C4E0-4F3E-9472-BCB35FC3188A}
		{DCB109AB-2525-45D5-BB35-DD017039B9C9} = {0BF3F150-A131-4811-9C67-3D0892E6CA9A}
		{52B9FBCB-551D-4C93-BB56-9B1DCC8386B4} = {0BF3F150-A131-4811-9C67-3D0892E6CA9A}
		{D7786306-DF1C-4DC6-87AD-1E15354D600A} = {D3948594-B7A6-43F4-A12C-CE22B6FAEE6B}
		{76992F2D-1129-4CC5-852C-5BF271D7033D} = {BCE01D1C-7577-4FA7-816C-900B208C2E9C}
	EndGlobalSection
	GlobalSection(ExtensibilityGlobals) = postSolution
		SolutionGuid = {512C5A37-AA69-4CF9-AEC2-32640DE69429}
	EndGlobalSection
EndGlobal
